
Microsoft Visual Studio Solution File, Format Version 12.00
# Visual Studio Version 17
VisualStudioVersion = 17.5.002.0
MinimumVisualStudioVersion = 10.0.40219.1
Project("{2150E333-8FDC-42A3-9474-1A3956D46DE8}") = "CrtCore", "CrtCore", "{0B0DC0B2-657D-4432-832D-A11D2C78F946}"
EndProject
Project("{9A19103F-16F7-4668-BE54-9A1E7A4F7556}") = "CrtCore", "CrtCore\Files\CrtCore.csproj", "{B4D75CF4-2746-4374-873F-DB66760B771F}"
EndProject
Project("{2150E333-8FDC-42A3-9474-1A3956D46DE8}") = "CrtEmailSender", "CrtEmailSender", "{F27A68C4-D83F-436B-BD86-8651319BBFCB}"
EndProject
Project("{9A19103F-16F7-4668-BE54-9A1E7A4F7556}") = "CrtEmailSender", "CrtEmailSender\Files\CrtEmailSender.csproj", "{12AFC730-44A0-46EB-ADF3-7954777B8D8F}"
EndProject
Project("{2150E333-8FDC-42A3-9474-1A3956D46DE8}") = "CrtNextStep", "CrtNextStep", "{57B040D4-906B-4FE0-94A0-8F00D2082EE5}"
EndProject
Project("{9A19103F-16F7-4668-BE54-9A1E7A4F7556}") = "CrtNextStep", "CrtNextStep\Files\CrtNextStep.csproj", "{47C64D80-6320-4E85-AE12-08C19A9F3BA2}"
EndProject
Project("{2150E333-8FDC-42A3-9474-1A3956D46DE8}") = "CrtProductivityApp", "CrtProductivityApp", "{1CAC965A-5CCE-4749-BF54-165C427EA4A2}"
EndProject
Project("{9A19103F-16F7-4668-BE54-9A1E7A4F7556}") = "CrtProductivityApp", "CrtProductivityApp\Files\CrtProductivityApp.csproj", "{62759F14-AA8E-4F06-83E6-9B772883341E}"
EndProject
Project("{2150E333-8FDC-42A3-9474-1A3956D46DE8}") = "CrtSmsIntegration", "CrtSmsIntegration", "{CA8AA1DD-AAD5-4E84-8046-821A5882461C}"
EndProject
Project("{9A19103F-16F7-4668-BE54-9A1E7A4F7556}") = "CrtSmsIntegration", "CrtSmsIntegration\Files\CrtSmsIntegration.csproj", "{4E330654-7099-4F68-A69E-183B154BD47B}"
EndProject
Project("{2150E333-8FDC-42A3-9474-1A3956D46DE8}") = "CrtUISwitcher", "CrtUISwitcher", "{7E52AA04-7AE8-4098-9567-CBCA1D57AC2F}"
EndProject
Project("{9A19103F-16F7-4668-BE54-9A1E7A4F7556}") = "CrtUISwitcher", "CrtUISwitcher\Files\CrtUISwitcher.csproj", "{7F6BDF72-AB36-4A56-8DBC-9B91327C1E26}"
EndProject
Project("{2150E333-8FDC-42A3-9474-1A3956D46DE8}") = "CSP", "CSP", "{4D427ECD-5BC5-4692-880E-32514E24123B}"
EndProject
Project("{9A19103F-16F7-4668-BE54-9A1E7A4F7556}") = "CSP", "CSP\Files\CSP.csproj", "{F4B3B539-D535-4356-9F1F-B0D8434CE798}"
EndProject
Project("{2150E333-8FDC-42A3-9474-1A3956D46DE8}") = "DevClassicUI", "DevClassicUI", "{8779C787-F6D4-4298-902B-DAEF14B065A3}"
EndProject
Project("{9A19103F-16F7-4668-BE54-9A1E7A4F7556}") = "DevClassicUI", "DevClassicUI\Files\DevClassicUI.csproj", "{D3A3243B-6DF3-4073-9692-45F108F80359}"
EndProject
Project("{2150E333-8FDC-42A3-9474-1A3956D46DE8}") = "FeatureToggling", "FeatureToggling", "{FBE60A1C-2EB8-4890-BCA9-2A807FB0D45C}"
EndProject
Project("{9A19103F-16F7-4668-BE54-9A1E7A4F7556}") = "FeatureToggling", "FeatureToggling\Files\FeatureToggling.csproj", "{5C3B3A93-0D6C-422F-A9DB-0D88A2DA5259}"
EndProject
Project("{2150E333-8FDC-42A3-9474-1A3956D46DE8}") = "Finesse", "Finesse", "{836FDF51-1A6D-40EF-9680-420B816FFC37}"
EndProject
Project("{9A19103F-16F7-4668-BE54-9A1E7A4F7556}") = "Finesse", "Finesse\Files\Finesse.csproj", "{D5FB0F98-4A86-4658-8F87-058AA272CA7E}"
EndProject
Project("{2150E333-8FDC-42A3-9474-1A3956D46DE8}") = "MLProcessDesigner", "MLProcessDesigner", "{D4BE8640-1553-407B-A755-60346C553F5E}"
EndProject
Project("{9A19103F-16F7-4668-BE54-9A1E7A4F7556}") = "MLProcessDesigner", "MLProcessDesigner\Files\MLProcessDesigner.csproj", "{05D1C8A5-6F90-465E-9587-0FEF8AB0E471}"
EndProject
Project("{2150E333-8FDC-42A3-9474-1A3956D46DE8}") = "OpenIdAuth", "OpenIdAuth", "{A5315168-5420-4C89-9A87-A1A4B47BBEE4}"
EndProject
Project("{9A19103F-16F7-4668-BE54-9A1E7A4F7556}") = "OpenIdAuth", "OpenIdAuth\Files\OpenIdAuth.csproj", "{10F0FEE0-71C5-4056-A0E3-A63BD9E7C302}"
EndProject
Project("{2150E333-8FDC-42A3-9474-1A3956D46DE8}") = "SsoSettings", "SsoSettings", "{04909552-D248-4013-B5D1-4C65A08A4F64}"
EndProject
Project("{9A19103F-16F7-4668-BE54-9A1E7A4F7556}") = "SsoSettings", "SsoSettings\Files\SsoSettings.csproj", "{15FEE6D2-045A-4724-B297-B11563D2DEE5}"
EndProject
Project("{2150E333-8FDC-42A3-9474-1A3956D46DE8}") = "XSSProtection", "XSSProtection", "{43D11E11-63A3-4B9E-81E0-6AF2A2DAD457}"
EndProject
Project("{9A19103F-16F7-4668-BE54-9A1E7A4F7556}") = "XSSProtection", "XSSProtection\Files\XSSProtection.csproj", "{094074AA-55E4-4827-88DE-9F7B822D4729}"
EndProject
Global
	GlobalSection(SolutionConfigurationPlatforms) = preSolution
		Debug|Any CPU = Debug|Any CPU
		Release|Any CPU = Release|Any CPU
	EndGlobalSection
	GlobalSection(ProjectConfigurationPlatforms) = postSolution
		{B4D75CF4-2746-4374-873F-DB66760B771F}.Debug|Any CPU.ActiveCfg = Debug|Any CPU
		{B4D75CF4-2746-4374-873F-DB66760B771F}.Debug|Any CPU.Build.0 = Debug|Any CPU
		{B4D75CF4-2746-4374-873F-DB66760B771F}.Release|Any CPU.ActiveCfg = Release|Any CPU
		{B4D75CF4-2746-4374-873F-DB66760B771F}.Release|Any CPU.Build.0 = Release|Any CPU
		{12AFC730-44A0-46EB-ADF3-7954777B8D8F}.Debug|Any CPU.ActiveCfg = Debug|Any CPU
		{12AFC730-44A0-46EB-ADF3-7954777B8D8F}.Debug|Any CPU.Build.0 = Debug|Any CPU
		{12AFC730-44A0-46EB-ADF3-7954777B8D8F}.Release|Any CPU.ActiveCfg = Release|Any CPU
		{12AFC730-44A0-46EB-ADF3-7954777B8D8F}.Release|Any CPU.Build.0 = Release|Any CPU
		{47C64D80-6320-4E85-AE12-08C19A9F3BA2}.Debug|Any CPU.ActiveCfg = Debug|Any CPU
		{47C64D80-6320-4E85-AE12-08C19A9F3BA2}.Debug|Any CPU.Build.0 = Debug|Any CPU
		{47C64D80-6320-4E85-AE12-08C19A9F3BA2}.Release|Any CPU.ActiveCfg = Release|Any CPU
		{47C64D80-6320-4E85-AE12-08C19A9F3BA2}.Release|Any CPU.Build.0 = Release|Any CPU
		{62759F14-AA8E-4F06-83E6-9B772883341E}.Debug|Any CPU.ActiveCfg = Debug|Any CPU
		{62759F14-AA8E-4F06-83E6-9B772883341E}.Debug|Any CPU.Build.0 = Debug|Any CPU
		{62759F14-AA8E-4F06-83E6-9B772883341E}.Release|Any CPU.ActiveCfg = Release|Any CPU
		{62759F14-AA8E-4F06-83E6-9B772883341E}.Release|Any CPU.Build.0 = Release|Any CPU
		{4E330654-7099-4F68-A69E-183B154BD47B}.Debug|Any CPU.ActiveCfg = Debug|Any CPU
		{4E330654-7099-4F68-A69E-183B154BD47B}.Debug|Any CPU.Build.0 = Debug|Any CPU
		{4E330654-7099-4F68-A69E-183B154BD47B}.Release|Any CPU.ActiveCfg = Release|Any CPU
		{4E330654-7099-4F68-A69E-183B154BD47B}.Release|Any CPU.Build.0 = Release|Any CPU
		{7F6BDF72-AB36-4A56-8DBC-9B91327C1E26}.Debug|Any CPU.ActiveCfg = Debug|Any CPU
		{7F6BDF72-AB36-4A56-8DBC-9B91327C1E26}.Debug|Any CPU.Build.0 = Debug|Any CPU
		{7F6BDF72-AB36-4A56-8DBC-9B91327C1E26}.Release|Any CPU.ActiveCfg = Release|Any CPU
		{7F6BDF72-AB36-4A56-8DBC-9B91327C1E26}.Release|Any CPU.Build.0 = Release|Any CPU
		{F4B3B539-D535-4356-9F1F-B0D8434CE798}.Debug|Any CPU.ActiveCfg = Debug|Any CPU
		{F4B3B539-D535-4356-9F1F-B0D8434CE798}.Debug|Any CPU.Build.0 = Debug|Any CPU
		{F4B3B539-D535-4356-9F1F-B0D8434CE798}.Release|Any CPU.ActiveCfg = Release|Any CPU
		{F4B3B539-D535-4356-9F1F-B0D8434CE798}.Release|Any CPU.Build.0 = Release|Any CPU
		{D3A3243B-6DF3-4073-9692-45F108F80359}.Debug|Any CPU.ActiveCfg = Debug|Any CPU
		{D3A3243B-6DF3-4073-9692-45F108F80359}.Debug|Any CPU.Build.0 = Debug|Any CPU
		{D3A3243B-6DF3-4073-9692-45F108F80359}.Release|Any CPU.ActiveCfg = Release|Any CPU
		{D3A3243B-6DF3-4073-9692-45F108F80359}.Release|Any CPU.Build.0 = Release|Any CPU
		{5C3B3A93-0D6C-422F-A9DB-0D88A2DA5259}.Debug|Any CPU.ActiveCfg = Debug|Any CPU
		{5C3B3A93-0D6C-422F-A9DB-0D88A2DA5259}.Debug|Any CPU.Build.0 = Debug|Any CPU
		{5C3B3A93-0D6C-422F-A9DB-0D88A2DA5259}.Release|Any CPU.ActiveCfg = Release|Any CPU
		{5C3B3A93-0D6C-422F-A9DB-0D88A2DA5259}.Release|Any CPU.Build.0 = Release|Any CPU
		{D5FB0F98-4A86-4658-8F87-058AA272CA7E}.Debug|Any CPU.ActiveCfg = Debug|Any CPU
		{D5FB0F98-4A86-4658-8F87-058AA272CA7E}.Debug|Any CPU.Build.0 = Debug|Any CPU
		{D5FB0F98-4A86-4658-8F87-058AA272CA7E}.Release|Any CPU.ActiveCfg = Release|Any CPU
		{D5FB0F98-4A86-4658-8F87-058AA272CA7E}.Release|Any CPU.Build.0 = Release|Any CPU
		{05D1C8A5-6F90-465E-9587-0FEF8AB0E471}.Debug|Any CPU.ActiveCfg = Debug|Any CPU
		{05D1C8A5-6F90-465E-9587-0FEF8AB0E471}.Debug|Any CPU.Build.0 = Debug|Any CPU
		{05D1C8A5-6F90-465E-9587-0FEF8AB0E471}.Release|Any CPU.ActiveCfg = Release|Any CPU
		{05D1C8A5-6F90-465E-9587-0FEF8AB0E471}.Release|Any CPU.Build.0 = Release|Any CPU
		{10F0FEE0-71C5-4056-A0E3-A63BD9E7C302}.Debug|Any CPU.ActiveCfg = Debug|Any CPU
		{10F0FEE0-71C5-4056-A0E3-A63BD9E7C302}.Debug|Any CPU.Build.0 = Debug|Any CPU
		{10F0FEE0-71C5-4056-A0E3-A63BD9E7C302}.Release|Any CPU.ActiveCfg = Release|Any CPU
		{10F0FEE0-71C5-4056-A0E3-A63BD9E7C302}.Release|Any CPU.Build.0 = Release|Any CPU
		{15FEE6D2-045A-4724-B297-B11563D2DEE5}.Debug|Any CPU.ActiveCfg = Debug|Any CPU
		{15FEE6D2-045A-4724-B297-B11563D2DEE5}.Debug|Any CPU.Build.0 = Debug|Any CPU
		{15FEE6D2-045A-4724-B297-B11563D2DEE5}.Release|Any CPU.ActiveCfg = Release|Any CPU
		{15FEE6D2-045A-4724-B297-B11563D2DEE5}.Release|Any CPU.Build.0 = Release|Any CPU
		{094074AA-55E4-4827-88DE-9F7B822D4729}.Debug|Any CPU.ActiveCfg = Debug|Any CPU
		{094074AA-55E4-4827-88DE-9F7B822D4729}.Debug|Any CPU.Build.0 = Debug|Any CPU
		{094074AA-55E4-4827-88DE-9F7B822D4729}.Release|Any CPU.ActiveCfg = Release|Any CPU
		{094074AA-55E4-4827-88DE-9F7B822D4729}.Release|Any CPU.Build.0 = Release|Any CPU
	EndGlobalSection
	GlobalSection(SolutionProperties) = preSolution
		HideSolutionNode = FALSE
	EndGlobalSection
	GlobalSection(NestedProjects) = preSolution
		{B4D75CF4-2746-4374-873F-DB66760B771F} = {0B0DC0B2-657D-4432-832D-A11D2C78F946}
		{12AFC730-44A0-46EB-ADF3-7954777B8D8F} = {F27A68C4-D83F-436B-BD86-8651319BBFCB}
		{47C64D80-6320-4E85-AE12-08C19A9F3BA2} = {57B040D4-906B-4FE0-94A0-8F00D2082EE5}
		{62759F14-AA8E-4F06-83E6-9B772883341E} = {1CAC965A-5CCE-4749-BF54-165C427EA4A2}
		{4E330654-7099-4F68-A69E-183B154BD47B} = {CA8AA1DD-AAD5-4E84-8046-821A5882461C}
		{7F6BDF72-AB36-4A56-8DBC-9B91327C1E26} = {7E52AA04-7AE8-4098-9567-CBCA1D57AC2F}
		{F4B3B539-D535-4356-9F1F-B0D8434CE798} = {4D427ECD-5BC5-4692-880E-32514E24123B}
		{D3A3243B-6DF3-4073-9692-45F108F80359} = {8779C787-F6D4-4298-902B-DAEF14B065A3}
		{5C3B3A93-0D6C-422F-A9DB-0D88A2DA5259} = {FBE60A1C-2EB8-4890-BCA9-2A807FB0D45C}
		{D5FB0F98-4A86-4658-8F87-058AA272CA7E} = {836FDF51-1A6D-40EF-9680-420B816FFC37}
		{05D1C8A5-6F90-465E-9587-0FEF8AB0E471} = {D4BE8640-1553-407B-A755-60346C553F5E}
		{10F0FEE0-71C5-4056-A0E3-A63BD9E7C302} = {A5315168-5420-4C89-9A87-A1A4B47BBEE4}
		{15FEE6D2-045A-4724-B297-B11563D2DEE5} = {04909552-D248-4013-B5D1-4C65A08A4F64}
		{094074AA-55E4-4827-88DE-9F7B822D4729} = {43D11E11-63A3-4B9E-81E0-6AF2A2DAD457}
	EndGlobalSection
	GlobalSection(ExtensibilityGlobals) = postSolution
		SolutionGuid = {E4F2383A-9EA9-43ED-BDCD-3F6F5C002566}
	EndGlobalSection
EndGlobal
